
Microsoft Visual Studio Solution File, Format Version 12.00
# Visual Studio 14
VisualStudioVersion = 14.0.23107.0
MinimumVisualStudioVersion = 10.0.40219.1
Project("{FAE04EC0-301F-11D3-BF4B-00C04F79EFBC}") = "Contas a Pagar - Desktop.View", "Contas a Pagar - Desktop.View\Contas a Pagar - Desktop.View.csproj", "{CEA97813-0C32-4E08-9F4E-BEFCDA22E8C5}"
	ProjectSection(ProjectDependencies) = postProject
		{7DC6CD22-F48C-401D-A3D1-156CB15A7DAC} = {7DC6CD22-F48C-401D-A3D1-156CB15A7DAC}
	EndProjectSection
EndProject
Project("{FAE04EC0-301F-11D3-BF4B-00C04F79EFBC}") = "Contas a Pagar - Desktop.Model", "Contas a Pagar - Desktop.Model\Contas a Pagar - Desktop.Model.csproj", "{6CC11FD7-CCB5-4269-AF48-603D68897540}"
EndProject
Project("{FAE04EC0-301F-11D3-BF4B-00C04F79EFBC}") = "Contas a Pagar - Desktop.Control", "Contas a Pagar - Desktop.Control\Contas a Pagar - Desktop.Control.csproj", "{7DC6CD22-F48C-401D-A3D1-156CB15A7DAC}"
EndProject
Global
	GlobalSection(SolutionConfigurationPlatforms) = preSolution
		Debug|Any CPU = Debug|Any CPU
		Release|Any CPU = Release|Any CPU
	EndGlobalSection
	GlobalSection(ProjectConfigurationPlatforms) = postSolution
		{CEA97813-0C32-4E08-9F4E-BEFCDA22E8C5}.Debug|Any CPU.ActiveCfg = Debug|Any CPU
		{CEA97813-0C32-4E08-9F4E-BEFCDA22E8C5}.Debug|Any CPU.Build.0 = Debug|Any CPU
		{CEA97813-0C32-4E08-9F4E-BEFCDA22E8C5}.Release|Any CPU.ActiveCfg = Release|Any CPU
		{CEA97813-0C32-4E08-9F4E-BEFCDA22E8C5}.Release|Any CPU.Build.0 = Release|Any CPU
		{6CC11FD7-CCB5-4269-AF48-603D68897540}.Debug|Any CPU.ActiveCfg = Debug|Any CPU
		{6CC11FD7-CCB5-4269-AF48-603D68897540}.Debug|Any CPU.Build.0 = Debug|Any CPU
		{6CC11FD7-CCB5-4269-AF48-603D68897540}.Release|Any CPU.ActiveCfg = Release|Any CPU
		{6CC11FD7-CCB5-4269-AF48-603D68897540}.Release|Any CPU.Build.0 = Release|Any CPU
		{7DC6CD22-F48C-401D-A3D1-156CB15A7DAC}.Debug|Any CPU.ActiveCfg = Debug|Any CPU
		{7DC6CD22-F48C-401D-A3D1-156CB15A7DAC}.Debug|Any CPU.Build.0 = Debug|Any CPU
		{7DC6CD22-F48C-401D-A3D1-156CB15A7DAC}.Release|Any CPU.ActiveCfg = Release|Any CPU
		{7DC6CD22-F48C-401D-A3D1-156CB15A7DAC}.Release|Any CPU.Build.0 = Release|Any CPU
	EndGlobalSection
	GlobalSection(SolutionProperties) = preSolution
		HideSolutionNode = FALSE
	EndGlobalSection
EndGlobal
